<?xml version="1.0" encoding="utf-8"?>
<Project ToolsVersion="4.0" xmlns="http://schemas.microsoft.com/developer/msbuild/2003">
  <ItemGroup>
    <Filter Include="Source Files">
      <UniqueIdentifier>{4FC737F1-C7A5-4376-A066-2A32D752A2FF}</UniqueIdentifier>
      <Extensions>cpp;c;cc;cxx;def;odl;idl;hpj;bat;asm;asmx</Extensions>
    </Filter>
    <Filter Include="Header Files">
      <UniqueIdentifier>{93995380-89BD-4b04-88EB-625FBE52EBFB}</UniqueIdentifier>
      <Extensions>h;hh;hpp;hxx;hm;inl;inc;xsd</Extensions>
    </Filter>
    <Filter Include="Resource Files">
      <UniqueIdentifier>{67DA6AB6-F800-4c08-8B7A-83BB121AAD01}</UniqueIdentifier>
      <Extensions>rc;ico;cur;bmp;dlg;rc2;rct;bin;rgs;gif;jpg;jpeg;jpe;resx;tiff;tif;png;wav;mfcribbon-ms</Extensions>
    </Filter>
  </ItemGroup>
  <ItemGroup>
    <ClInclude Include="level_enum.h">
      <Filter>Header Files</Filter>
    </ClInclude>
    <ClInclude Include="animation.h">
      <Filter>Header Files</Filter>
    </ClInclude>
    <ClInclude Include="error.h">
      <Filter>Header Files</Filter>
    </ClInclude>
    <ClInclude Include="animation_set.h">
      <Filter>Header Files</Filter>
    </ClInclude>
    <ClInclude Include="box_entity.h">
      <Filter>Header Files</Filter>
    </ClInclude>
    <ClInclude Include="cus_structs.h">
      <Filter>Header Files</Filter>
    </ClInclude>
    <ClInclude Include="constants.h">
      <Filter>Header Files</Filter>
    </ClInclude>
    <ClInclude Include="dict.h">
      <Filter>Header Files</Filter>
    </ClInclude>
    <ClInclude Include="str_kit.h">
      <Filter>Header Files</Filter>
    </ClInclude>
    <ClInclude Include="background.h">
      <Filter>Header Files</Filter>
    </ClInclude>
    <ClInclude Include="anon_ents.h">
      <Filter>Header Files</Filter>
    </ClInclude>
    <ClInclude Include="input.h">
      <Filter>Header Files</Filter>
    </ClInclude>
    <ClInclude Include="graphics_state.h">
      <Filter>Header Files</Filter>
    </ClInclude>
    <ClInclude Include="_slave_class.h">
      <Filter>Header Files</Filter>
    </ClInclude>
    <ClInclude Include="_menu.h">
      <Filter>Header Files</Filter>
    </ClInclude>
    <ClInclude Include="text_entity.h">
      <Filter>Header Files</Filter>
    </ClInclude>
    <ClInclude Include="thread_safe.h">
      <Filter>Header Files</Filter>
    </ClInclude>
    <ClInclude Include="_interactives.h">
      <Filter>Header Files</Filter>
    </ClInclude>
    <ClInclude Include="_level.h">
      <Filter>Header Files</Filter>
    </ClInclude>
    <ClInclude Include="listed_entities.h">
      <Filter>Header Files</Filter>
    </ClInclude>
    <ClInclude Include="entity_player.h">
      <Filter>Header Files</Filter>
    </ClInclude>
    <ClInclude Include="bullets_player.h">
      <Filter>Header Files</Filter>
    </ClInclude>
    <ClInclude Include="enemy_entity.h">
      <Filter>Header Files</Filter>
    </ClInclude>
    <ClInclude Include="particles.h">
      <Filter>Header Files</Filter>
    </ClInclude>
    <ClInclude Include="parallax.h">
      <Filter>Header Files</Filter>
    </ClInclude>
    <ClInclude Include="background_objects.h">
      <Filter>Header Files</Filter>
    </ClInclude>
    <ClInclude Include="random.h">
      <Filter>Header Files</Filter>
    </ClInclude>
    <ClInclude Include="text_dialogue.h">
      <Filter>Header Files</Filter>
    </ClInclude>
    <ClInclude Include="bullet_enemy.h">
      <Filter>Header Files</Filter>
    </ClInclude>
    <ClInclude Include="movement_commander.h">
      <Filter>Header Files</Filter>
    </ClInclude>
    <ClInclude Include="weather.h">
      <Filter>Header Files</Filter>
    </ClInclude>
    <ClInclude Include="powerup.h">
      <Filter>Header Files</Filter>
    </ClInclude>
    <ClInclude Include="light_master.h">
      <Filter>Header Files</Filter>
    </ClInclude>
    <ClInclude Include="sound.h">
      <Filter>Header Files</Filter>
    </ClInclude>
  </ItemGroup>
  <ItemGroup>
    <ClCompile Include="animation.cpp">
      <Filter>Source Files</Filter>
    </ClCompile>
    <ClCompile Include="error.cpp">
      <Filter>Source Files</Filter>
    </ClCompile>
    <ClCompile Include="animation_set.cpp">
      <Filter>Source Files</Filter>
    </ClCompile>
    <ClCompile Include="cus_structs.cpp">
      <Filter>Source Files</Filter>
    </ClCompile>
    <ClCompile Include="box_entity.cpp">
      <Filter>Source Files</Filter>
    </ClCompile>
    <ClCompile Include="dict.cpp">
      <Filter>Source Files</Filter>
    </ClCompile>
    <ClCompile Include="background.cpp">
      <Filter>Source Files</Filter>
    </ClCompile>
    <ClCompile Include="anon_ents.cpp">
      <Filter>Source Files</Filter>
    </ClCompile>
    <ClCompile Include="_controller.cpp">
      <Filter>Source Files</Filter>
    </ClCompile>
    <ClCompile Include="input.cpp">
      <Filter>Source Files</Filter>
    </ClCompile>
    <ClCompile Include="thread_safe.cpp">
      <Filter>Source Files</Filter>
    </ClCompile>
    <ClCompile Include="_slave_class.cpp">
      <Filter>Source Files</Filter>
    </ClCompile>
    <ClCompile Include="parallax.cpp">
      <Filter>Source Files</Filter>
    </ClCompile>
    <ClCompile Include="str_kit.cpp">
      <Filter>Source Files</Filter>
    </ClCompile>
    <ClCompile Include="listed_entities.cpp">
      <Filter>Source Files</Filter>
    </ClCompile>
    <ClCompile Include="text_entity.cpp">
      <Filter>Source Files</Filter>
    </ClCompile>
    <ClCompile Include="random.cpp">
      <Filter>Source Files</Filter>
    </ClCompile>
    <ClCompile Include="sound.cpp">
      <Filter>Source Files</Filter>
    </ClCompile>
  </ItemGroup>
  <ItemGroup>
    <Text Include="log.txt">
      <Filter>Resource Files</Filter>
    </Text>
    <Text Include="assets\load_list.txt">
      <Filter>Resource Files</Filter>
    </Text>
  </ItemGroup>
  <ItemGroup>
    <None Include="config\engine_settings.ini">
      <Filter>Resource Files</Filter>
    </None>
    <None Include="config\gfx_settings.ini">
      <Filter>Resource Files</Filter>
    </None>
    <None Include="config\keybinds.ini">
      <Filter>Resource Files</Filter>
    </None>
  </ItemGroup>
</Project>